core:changelogs:
  - content: "---\npackages:\n  npm:resend:\n    type: patch\n---\n\n## Test the preview release pipeline (no library changes)\n"
    filename: 2026-07-21-preview-pipeline-test.md
    v: 0.0.0
core:packages:
  - changelogIds:
      - 2026-07-21-preview-pipeline-test.md
    id: npm:resend
    updated: true
npm:packages:
  - distTag: preview-test
    id: npm:resend
